// !$*UTF8*$!
{
	archiveVersion = 1;
	classes = {
	};
	objectVersion = 50;
	objects = {

/* Begin PBXBuildFile section */
		C93245CE23C45381007A2DFD /* AppDelegate.swift in Sources */ = {isa = PBXBuildFile; fileRef = C93245CD23C45381007A2DFD /* AppDelegate.swift */; };
		C93245D023C45381007A2DFD /* SceneDelegate.swift in Sources */ = {isa = PBXBuildFile; fileRef = C93245CF23C45381007A2DFD /* SceneDelegate.swift */; };
		C93245D223C45381007A2DFD /* ViewController.swift in Sources */ = {isa = PBXBuildFile; fileRef = C93245D123C45381007A2DFD /* ViewController.swift */; };
		C93245D523C45381007A2DFD /* Main.storyboard in Resources */ = {isa = PBXBuildFile; fileRef = C93245D323C45381007A2DFD /* Main.storyboard */; };
		C93245D723C45385007A2DFD /* Assets.xcassets in Resources */ = {isa = PBXBuildFile; fileRef = C93245D623C45385007A2DFD /* Assets.xcassets */; };
		C93245DA23C45385007A2DFD /* LaunchScreen.storyboard in Resources */ = {isa = PBXBuildFile; fileRef = C93245D823C45385007A2DFD /* LaunchScreen.storyboard */; };
		C93245E323C454AB007A2DFD /* PKHUD.framework in Frameworks */ = {isa = PBXBuildFile; fileRef = C93245E223C454AB007A2DFD /* PKHUD.framework */; };
/* End PBXBuildFile section */

/* Begin PBXFileReference section */
		C93245CA23C45381007A2DFD /* PKHUDWithCarthage.app */ = {isa = PBXFileReference; explicitFileType = wrapper.application; includeInIndex = 0; path = PKHUDWithCarthage.app; sourceTree = BUILT_PRODUCTS_DIR; };
		C93245CD23C45381007A2DFD /* AppDelegate.swift */ = {isa = PBXFileReference; lastKnownFileType = sourcecode.swift; path = AppDelegate.swift; sourceTree = "<group>"; };
		C93245CF23C45381007A2DFD /* SceneDelegate.swift */ = {isa = PBXFileReference; lastKnownFileType = sourcecode.swift; path = SceneDelegate.swift; sourceTree = "<group>"; };
		C93245D123C45381007A2DFD /* ViewController.swift */ = {isa = PBXFileReference; lastKnownFileType = sourcecode.swift; path = ViewController.swift; sourceTree = "<group>"; };
		C93245D423C45381007A2DFD /* Base */ = {isa = PBXFileReference; lastKnownFileType = file.storyboard; name = Base; path = Base.lproj/Main.storyboard; sourceTree = "<group>"; };
		C93245D623C45385007A2DFD /* Assets.xcassets */ = {isa = PBXFileReference; lastKnownFileType = folder.assetcatalog; path = Assets.xcassets; sourceTree = "<group>"; };
		C93245D923C45385007A2DFD /* Base */ = {isa = PBXFileReference; lastKnownFileType = file.storyboard; name = Base; path = Base.lproj/LaunchScreen.storyboard; sourceTree = "<group>"; };
		C93245DB23C45385007A2DFD /* Info.plist */ = {isa = PBXFileReference; lastKnownFileType = text.plist.xml; path = Info.plist; sourceTree = "<group>"; };
		C93245E223C454AB007A2DFD /* PKHUD.framework */ = {isa = PBXFileReference; lastKnownFileType = wrapper.framework; name = PKHUD.framework; path = Carthage/Build/iOS/PKHUD.framework; sourceTree = "<group>"; };
/* End PBXFileReference section */

/* Begin PBXFrameworksBuildPhase section */
		C93245C723C45381007A2DFD /* Frameworks */ = {
			isa = PBXFrameworksBuildPhase;
			buildActionMask = 2147483647;
			files = (
				C93245E323C454AB007A2DFD /* PKHUD.framework in Frameworks */,
			);
			runOnlyForDeploymentPostprocessing = 0;
		};
/* End PBXFrameworksBuildPhase section */

/* Begin PBXGroup section */
		C93245C123C45381007A2DFD = {
			isa = PBXGroup;
			children = (
				C93245CC23C45381007A2DFD /* PKHUDWithCarthage */,
				C93245CB23C45381007A2DFD /* Products */,
				C93245E123C454AB007A2DFD /* Frameworks */,
			);
			sourceTree = "<group>";
		};
		C93245CB23C45381007A2DFD /* Products */ = {
			isa = PBXGroup;
			children = (
				C93245CA23C45381007A2DFD /* PKHUDWithCarthage.app */,
			);
			name = Products;
			sourceTree = "<group>";
		};
		C93245CC23C45381007A2DFD /* PKHUDWithCarthage */ = {
			isa = PBXGroup;
			children = (
				C93245CD23C45381007A2DFD /* AppDelegate.swift */,
				C93245CF23C45381007A2DFD /* SceneDelegate.swift */,
				C93245D123C45381007A2DFD /* ViewController.swift */,
				C93245D323C45381007A2DFD /* Main.storyboard */,
				C93245D623C45385007A2DFD /* Assets.xcassets */,
				C93245D823C45385007A2DFD /* LaunchScreen.storyboard */,
				C93245DB23C45385007A2DFD /* Info.plist */,
			);
			path = PKHUDWithCarthage;
			sourceTree = "<group>";
		};
		C93245E123C454AB007A2DFD /* Frameworks */ = {
			isa = PBXGroup;
			children = (
				C93245E223C454AB007A2DFD /* PKHUD.framework */,
			);
			name = Frameworks;
			sourceTree = "<group>";
		};
/* End PBXGroup section */

/* Begin PBXNativeTarget section */
		C93245C923C45381007A2DFD /* PKHUDWithCarthage */ = {
			isa = PBXNativeTarget;
			buildConfigurationList = C93245DE23C45385007A2DFD /* Build configuration list for PBXNativeTarget "PKHUDWithCarthage" */;
			buildPhases = (
				C93245C623C45381007A2DFD /* Sources */,
				C93245C723C45381007A2DFD /* Frameworks */,
				C93245C823C45381007A2DFD /* Resources */,
				C93245E423C454B0007A2DFD /* ShellScript */,
			);
			buildRules = (
			);
			dependencies = (
			);
			name = PKHUDWithCarthage;
			productName = PKHUDWithCarthage;
			productReference = C93245CA23C45381007A2DFD /* PKHUDWithCarthage.app */;
			productType = "com.apple.product-type.application";
		};
/* End PBXNativeTarget section */

/* Begin PBXProject section */
		C93245C223C45381007A2DFD /* Project object */ = {
			isa = PBXProject;
			attributes = {
				LastSwiftUpdateCheck = 1130;
				LastUpgradeCheck = 1130;
				ORGANIZATIONNAME = "Hiraya Shingo";
				TargetAttributes = {
					C93245C923C45381007A2DFD = {
						CreatedOnToolsVersion = 11.3;
					};
				};
			};
			buildConfigurationList = C93245C523C45381007A2DFD /* Build configuration list for PBXProject "PKHUDWithCarthage" */;
			compatibilityVersion = "Xcode 9.3";
			developmentRegion = en;
			hasScannedForEncodings = 0;
			knownRegions = (
				en,
				Base,
			);
			mainGroup = C93245C123C45381007A2DFD;
			productRefGroup = C93245CB23C45381007A2DFD /* Products */;
			projectDirPath = "";
			projectRoot = "";
			targets = (
				C93245C923C45381007A2DFD /* PKHUDWithCarthage */,
			);
		};
/* End PBXProject section */

/* Begin PBXResourcesBuildPhase section */
		C93245C823C45381007A2DFD /* Resources */ = {
			isa = PBXResourcesBuildPhase;
			buildActionMask = 2147483647;
			files = (
				C93245DA23C45385007A2DFD /* LaunchScreen.storyboard in Resources */,
				C93245D723C45385007A2DFD /* Assets.xcassets in Resources */,
				C93245D523C45381007A2DFD /* Main.storyboard in Resources */,
			);
			runOnlyForDeploymentPostprocessing = 0;
		};
/* End PBXResourcesBuildPhase section */

/* Begin PBXShellScriptBuildPhase section */
		C93245E423C454B0007A2DFD /* ShellScript */ = {
			isa = PBXShellScriptBuildPhase;
			buildActionMask = 2147483647;
			files = (
			);
			inputFileListPaths = (
			);
			inputPaths = (
				"$(SRCROOT)/Carthage/Build/iOS/PKHUD.framework",
			);
			outputFileListPaths = (
			);
			outputPaths = (
				"$(BUILT_PRODUCTS_DIR)/$(FRAMEWORKS_FOLDER_PATH)/PKHUD.framework",
			);
			runOnlyForDeploymentPostprocessing = 0;
			shellPath = /bin/sh;
			shellScript = "# Type a script or drag a script file from your workspace to insert its path.\n/usr/local/bin/carthage copy-frameworks\n\n";
		};
/* End PBXShellScriptBuildPhase section */

/* Begin PBXSourcesBuildPhase section */
		C93245C623C45381007A2DFD /* Sources */ = {
			isa = PBXSourcesBuildPhase;
			buildActionMask = 2147483647;
			files = (
				C93245D223C45381007A2DFD /* ViewController.swift in Sources */,
				C93245CE23C45381007A2DFD /* AppDelegate.swift in Sources */,
				C93245D023C45381007A2DFD /* SceneDelegate.swift in Sources */,
			);
			runOnlyForDeploymentPostprocessing = 0;
		};
/* End PBXSourcesBuildPhase section */

/* Begin PBXVariantGroup section */
		C93245D323C45381007A2DFD /* Main.storyboard */ = {
			isa = PBXVariantGroup;
			children = (
				C93245D423C45381007A2DFD /* Base */,
			);
			name = Main.storyboard;
			sourceTree = "<group>";
		};
		C93245D823C45385007A2DFD /* LaunchScreen.storyboard */ = {
			isa = PBXVariantGroup;
			children = (
				C93245D923C45385007A2DFD /* Base */,
			);
			name = LaunchScreen.storyboard;
			sourceTree = "<group>";
		};
/* End PBXVariantGroup section */

/* Begin XCBuildConfiguration section */
		C93245DC23C45385007A2DFD /* Debug */ = {
			isa = XCBuildConfiguration;
			buildSettings = {
				ALWAYS_SEARCH_USER_PATHS = NO;
				CLANG_ANALYZER_NONNULL = YES;
				CLANG_ANALYZER_NUMBER_OBJECT_CONVERSION = YES_AGGRESSIVE;
				CLANG_CXX_LANGUAGE_STANDARD = "gnu++14";
				CLANG_CXX_LIBRARY = "libc++";
				CLANG_ENABLE_MODULES = YES;
				CLANG_ENABLE_OBJC_ARC = YES;
				CLANG_ENABLE_OBJC_WEAK = YES;
				CLANG_WARN_BLOCK_CAPTURE_AUTORELEASING = YES;
				CLANG_WARN_BOOL_CONVERSION = YES;
				CLANG_WARN_COMMA = YES;
				CLANG_WARN_CONSTANT_CONVERSION = YES;
				CLANG_WARN_DEPRECATED_OBJC_IMPLEMENTATIONS = YES;
				CLANG_WARN_DIRECT_OBJC_ISA_USAGE = YES_ERROR;
				CLANG_WARN_DOCUMENTATION_COMMENTS = YES;
				CLANG_WARN_EMPTY_BODY = YES;
				CLANG_WARN_ENUM_CONVERSION = YES;
				CLANG_WARN_INFINITE_RECURSION = YES;
				CLANG_WARN_INT_CONVERSION = YES;
				CLANG_WARN_NON_LITERAL_NULL_CONVERSION = YES;
				CLANG_WARN_OBJC_IMPLICIT_RETAIN_SELF = YES;
				CLANG_WARN_OBJC_LITERAL_CONVERSION = YES;
				CLANG_WARN_OBJC_ROOT_CLASS = YES_ERROR;
				CLANG_WARN_RANGE_LOOP_ANALYSIS = YES;
				CLANG_WARN_STRICT_PROTOTYPES = YES;
				CLANG_WARN_SUSPICIOUS_MOVE = YES;
				CLANG_WARN_UNGUARDED_AVAILABILITY = YES_AGGRESSIVE;
				CLANG_WARN_UNREACHABLE_CODE = YES;
				CLANG_WARN__DUPLICATE_METHOD_MATCH = YES;
				COPY_PHASE_STRIP = NO;
				DEBUG_INFORMATION_FORMAT = dwarf;
				ENABLE_STRICT_OBJC_MSGSEND = YES;
				ENABLE_TESTABILITY = YES;
				GCC_C_LANGUAGE_STANDARD = gnu11;
				GCC_DYNAMIC_NO_PIC = NO;
				GCC_NO_COMMON_BLOCKS = YES;
				GCC_OPTIMIZATION_LEVEL = 0;
				GCC_PREPROCESSOR_DEFINITIONS = (
					"DEBUG=1",
					"$(inherited)",
				);
				GCC_WARN_64_TO_32_BIT_CONVERSION = YES;
				GCC_WARN_ABOUT_RETURN_TYPE = YES_ERROR;
				GCC_WARN_UNDECLARED_SELECTOR = YES;
				GCC_WARN_UNINITIALIZED_AUTOS = YES_AGGRESSIVE;
				GCC_WARN_UNUSED_FUNCTION = YES;
				GCC_WARN_UNUSED_VARIABLE = YES;
				IPHONEOS_DEPLOYMENT_TARGET = 13.2;
				MTL_ENABLE_DEBUG_INFO = INCLUDE_SOURCE;
				MTL_FAST_MATH = YES;
				ONLY_ACTIVE_ARCH = YES;
				SDKROOT = iphoneos;
				SWIFT_ACTIVE_COMPILATION_CONDITIONS = DEBUG;
				SWIFT_OPTIMIZATION_LEVEL = "-Onone";
			};
			name = Debug;
		};
		C93245DD23C45385007A2DFD /* Release */ = {
			isa = XCBuildConfiguration;
			buildSettings = {
				ALWAYS_SEARCH_USER_PATHS = NO;
				CLANG_ANALYZER_NONNULL = YES;
				CLANG_ANALYZER_NUMBER_OBJECT_CONVERSION = YES_AGGRESSIVE;
				CLANG_CXX_LANGUAGE_STANDARD = "gnu++14";
				CLANG_CXX_LIBRARY = "libc++";
				CLANG_ENABLE_MODULES = YES;
				CLANG_ENABLE_OBJC_ARC = YES;
				CLANG_ENABLE_OBJC_WEAK = YES;
				CLANG_WARN_BLOCK_CAPTURE_AUTORELEASING = YES;
				CLANG_WARN_BOOL_CONVERSION = YES;
				CLANG_WARN_COMMA = YES;
				CLANG_WARN_CONSTANT_CONVERSION = YES;
				CLANG_WARN_DEPRECATED_OBJC_IMPLEMENTATIONS = YES;
				CLANG_WARN_DIRECT_OBJC_ISA_USAGE = YES_ERROR;
				CLANG_WARN_DOCUMENTATION_COMMENTS = YES;
				CLANG_WARN_EMPTY_BODY = YES;
				CLANG_WARN_ENUM_CONVERSION = YES;
				CLANG_WARN_INFINITE_RECURSION = YES;
				CLANG_WARN_INT_CONVERSION = YES;
				CLANG_WARN_NON_LITERAL_NULL_CONVERSION = YES;
				CLANG_WARN_OBJC_IMPLICIT_RETAIN_SELF = YES;
				CLANG_WARN_OBJC_LITERAL_CONVERSION = YES;
				CLANG_WARN_OBJC_ROOT_CLASS = YES_ERROR;
				CLANG_WARN_RANGE_LOOP_ANALYSIS = YES;
				CLANG_WARN_STRICT_PROTOTYPES = YES;
				CLANG_WARN_SUSPICIOUS_MOVE = YES;
				CLANG_WARN_UNGUARDED_AVAILABILITY = YES_AGGRESSIVE;
				CLANG_WARN_UNREACHABLE_CODE = YES;
				CLANG_WARN__DUPLICATE_METHOD_MATCH = YES;
				COPY_PHASE_STRIP = NO;
				DEBUG_INFORMATION_FORMAT = "dwarf-with-dsym";
				ENABLE_NS_ASSERTIONS = NO;
				ENABLE_STRICT_OBJC_MSGSEND = YES;
				GCC_C_LANGUAGE_STANDARD = gnu11;
				GCC_NO_COMMON_BLOCKS = YES;
				GCC_WARN_64_TO_32_BIT_CONVERSION = YES;
				GCC_WARN_ABOUT_RETURN_TYPE = YES_ERROR;
				GCC_WARN_UNDECLARED_SELECTOR = YES;
				GCC_WARN_UNINITIALIZED_AUTOS = YES_AGGRESSIVE;
				GCC_WARN_UNUSED_FUNCTION = YES;
				GCC_WARN_UNUSED_VARIABLE = YES;
				IPHONEOS_DEPLOYMENT_TARGET = 13.2;
				MTL_ENABLE_DEBUG_INFO = NO;
				MTL_FAST_MATH = YES;
				SDKROOT = iphoneos;
				SWIFT_COMPILATION_MODE = wholemodule;
				SWIFT_OPTIMIZATION_LEVEL = "-O";
				VALIDATE_PRODUCT = YES;
			};
			name = Release;
		};
		C93245DF23C45385007A2DFD /* Debug */ = {
			isa = XCBuildConfiguration;
			buildSettings = {
				ASSETCATALOG_COMPILER_APPICON_NAME = AppIcon;
				CODE_SIGN_STYLE = Automatic;
				DEVELOPMENT_TEAM = R6USV66H63;
				FRAMEWORK_SEARCH_PATHS = (
					"$(inherited)",
					"$(PROJECT_DIR)/Carthage/Build/iOS",
				);
				INFOPLIST_FILE = PKHUDWithCarthage/Info.plist;
				LD_RUNPATH_SEARCH_PATHS = (
					"$(inherited)",
					"@executable_path/Frameworks",
				);
				PRODUCT_BUNDLE_IDENTIFIER = com.shingohry.PKHUDWithCarthage;
				PRODUCT_NAME = "$(TARGET_NAME)";
				SWIFT_VERSION = 5.0;
				TARGETED_DEVICE_FAMILY = "1,2";
			};
			name = Debug;
		};
		C93245E023C45385007A2DFD /* Release */ = {
			isa = XCBuildConfiguration;
			buildSettings = {
				ASSETCATALOG_COMPILER_APPICON_NAME = AppIcon;
				CODE_SIGN_STYLE = Automatic;
				DEVELOPMENT_TEAM = R6USV66H63;
				FRAMEWORK_SEARCH_PATHS = (
					"$(inherited)",
					"$(PROJECT_DIR)/Carthage/Build/iOS",
				);
				INFOPLIST_FILE = PKHUDWithCarthage/Info.plist;
				LD_RUNPATH_SEARCH_PATHS = (
					"$(inherited)",
					"@executable_path/Frameworks",
				);
				PRODUCT_BUNDLE_IDENTIFIER = com.shingohry.PKHUDWithCarthage;
				PRODUCT_NAME = "$(TARGET_NAME)";
				SWIFT_VERSION = 5.0;
				TARGETED_DEVICE_FAMILY = "1,2";
			};
			name = Release;
		};
/* End XCBuildConfiguration section */

/* Begin XCConfigurationList section */
		C93245C523C45381007A2DFD /* Build configuration list for PBXProject "PKHUDWithCarthage" */ = {
			isa = XCConfigurationList;
			buildConfigurations = (
				C93245DC23C45385007A2DFD /* Debug */,
				C93245DD23C45385007A2DFD /* Release */,
			);
			defaultConfigurationIsVisible = 0;
			defaultConfigurationName = Release;
		};
		C93245DE23C45385007A2DFD /* Build configuration list for PBXNativeTarget "PKHUDWithCarthage" */ = {
			isa = XCConfigurationList;
			buildConfigurations = (
				C93245DF23C45385007A2DFD /* Debug */,
				C93245E023C45385007A2DFD /* Release */,
			);
			defaultConfigurationIsVisible = 0;
			defaultConfigurationName = Release;
		};
/* End XCConfigurationList section */
	};
	rootObject = C93245C223C45381007A2DFD /* Project object */;
}
